
Microsoft Visual Studio Solution File, Format Version 12.00
# Visual Studio 15
Project("{FAE04EC0-301F-11D3-BF4B-00C04F79EFBC}") = "Assembly-CSharp", "Assembly-CSharp.csproj", "{0717DF39-C19D-0E06-BD7B-AA2EF1A186CA}"
EndProject
Project("{FAE04EC0-301F-11D3-BF4B-00C04F79EFBC}") = "Assembly-CSharp-Editor", "Assembly-CSharp-Editor.csproj", "{42BDFD47-6D07-5755-C4E7-7C7EFFF61450}"
EndProject
Global
	GlobalSection(SolutionConfigurationPlatforms) = preSolution
		Debug|Any CPU = Debug|Any CPU
		Release|Any CPU = Release|Any CPU
	EndGlobalSection
	GlobalSection(ProjectConfigurationPlatforms) = postSolution
		{0717DF39-C19D-0E06-BD7B-AA2EF1A186CA}.Debug|Any CPU.ActiveCfg = Debug|Any CPU
		{0717DF39-C19D-0E06-BD7B-AA2EF1A186CA}.Debug|Any CPU.Build.0 = Debug|Any CPU
		{0717DF39-C19D-0E06-BD7B-AA2EF1A186CA}.Release|Any CPU.ActiveCfg = Release|Any CPU
		{0717DF39-C19D-0E06-BD7B-AA2EF1A186CA}.Release|Any CPU.Build.0 = Release|Any CPU
		{42BDFD47-6D07-5755-C4E7-7C7EFFF61450}.Debug|Any CPU.ActiveCfg = Debug|Any CPU
		{42BDFD47-6D07-5755-C4E7-7C7EFFF61450}.Debug|Any CPU.Build.0 = Debug|Any CPU
		{42BDFD47-6D07-5755-C4E7-7C7EFFF61450}.Release|Any CPU.ActiveCfg = Release|Any CPU
		{42BDFD47-6D07-5755-C4E7-7C7EFFF61450}.Release|Any CPU.Build.0 = Release|Any CPU
	EndGlobalSection
	GlobalSection(SolutionProperties) = preSolution
		HideSolutionNode = FALSE
	EndGlobalSection
EndGlobal
